Microsoft Visual Studio Solution File, Format Version 12.00
# Visual Studio Version 17
VisualStudioVersion = 17.5.2.0
MinimumVisualStudioVersion = 10.0.40219.1
Project("{FAE04EC0-301F-11D3-BF4B-00C04F79EFBC}") = "Practice01", "Practice01\Practice01.csproj", "{50C823D1-A0AE-3C49-D24C-128C430F7268}"
EndProject
Global
	GlobalSection(SolutionConfigurationPlatforms) = preSolution
		Debug|Any CPU = Debug|Any CPU
		Release|Any CPU = Release|Any CPU
	EndGlobalSection
	GlobalSection(ProjectConfigurationPlatforms) = postSolution
		{50C823D1-A0AE-3C49-D24C-128C430F7268}.Debug|Any CPU.ActiveCfg = Debug|Any CPU
		{50C823D1-A0AE-3C49-D24C-128C430F7268}.Debug|Any CPU.Build.0 = Debug|Any CPU
		{50C823D1-A0AE-3C49-D24C-128C430F7268}.Release|Any CPU.ActiveCfg = Release|Any CPU
		{50C823D1-A0AE-3C49-D24C-128C430F7268}.Release|Any CPU.Build.0 = Release|Any CPU
	EndGlobalSection
	GlobalSection(SolutionProperties) = preSolution
		HideSolutionNode = FALSE
	EndGlobalSection
	GlobalSection(ExtensibilityGlobals) = postSolution
		SolutionGuid = {846F060A-B290-4AF2-BF8B-6AF3EB12E64D}
	EndGlobalSection
EndGlobal
